
Microsoft Visual Studio Solution File, Format Version 12.00
# Visual Studio 15
VisualStudioVersion = 15.0.26228.21
MinimumVisualStudioVersion = 10.0.40219.1
Project("{F2A71F9B-5D33-465A-A702-920D77279786}") = "fsharpForFunAndProfitNotes", "fsharpForFunAndProfitNotes\fsharpForFunAndProfitNotes.fsproj", "{497BFD7B-3C54-43C6-92E4-47540937E9EC}"
EndProject
Project("{FAE04EC0-301F-11D3-BF4B-00C04F79EFBC}") = "ExerciseOne", "ExerciseOne\ExerciseOne.csproj", "{2310DB6C-74F3-48FF-9CC8-7F60187BA295}"
EndProject
Project("{F2A71F9B-5D33-465A-A702-920D77279786}") = "ExerciseTwo", "ExerciseTwo\ExerciseTwo.fsproj", "{DBA7DEE5-6898-4E00-AFA9-8640FD54D6DF}"
EndProject
Project("{FAE04EC0-301F-11D3-BF4B-00C04F79EFBC}") = "ExerciseThree", "ExerciseThree\ExerciseThree.csproj", "{2F690FBD-5E14-4399-9DF6-C530C77934DA}"
EndProject
Global
	GlobalSection(SolutionConfigurationPlatforms) = preSolution
		Debug|Any CPU = Debug|Any CPU
		Release|Any CPU = Release|Any CPU
	EndGlobalSection
	GlobalSection(ProjectConfigurationPlatforms) = postSolution
		{497BFD7B-3C54-43C6-92E4-47540937E9EC}.Debug|Any CPU.ActiveCfg = Debug|Any CPU
		{497BFD7B-3C54-43C6-92E4-47540937E9EC}.Debug|Any CPU.Build.0 = Debug|Any CPU
		{497BFD7B-3C54-43C6-92E4-47540937E9EC}.Release|Any CPU.ActiveCfg = Release|Any CPU
		{497BFD7B-3C54-43C6-92E4-47540937E9EC}.Release|Any CPU.Build.0 = Release|Any CPU
		{2310DB6C-74F3-48FF-9CC8-7F60187BA295}.Debug|Any CPU.ActiveCfg = Debug|Any CPU
		{2310DB6C-74F3-48FF-9CC8-7F60187BA295}.Debug|Any CPU.Build.0 = Debug|Any CPU
		{2310DB6C-74F3-48FF-9CC8-7F60187BA295}.Release|Any CPU.ActiveCfg = Release|Any CPU
		{2310DB6C-74F3-48FF-9CC8-7F60187BA295}.Release|Any CPU.Build.0 = Release|Any CPU
		{DBA7DEE5-6898-4E00-AFA9-8640FD54D6DF}.Debug|Any CPU.ActiveCfg = Debug|Any CPU
		{DBA7DEE5-6898-4E00-AFA9-8640FD54D6DF}.Debug|Any CPU.Build.0 = Debug|Any CPU
		{DBA7DEE5-6898-4E00-AFA9-8640FD54D6DF}.Release|Any CPU.ActiveCfg = Release|Any CPU
		{DBA7DEE5-6898-4E00-AFA9-8640FD54D6DF}.Release|Any CPU.Build.0 = Release|Any CPU
		{2F690FBD-5E14-4399-9DF6-C530C77934DA}.Debug|Any CPU.ActiveCfg = Debug|Any CPU
		{2F690FBD-5E14-4399-9DF6-C530C77934DA}.Debug|Any CPU.Build.0 = Debug|Any CPU
		{2F690FBD-5E14-4399-9DF6-C530C77934DA}.Release|Any CPU.ActiveCfg = Release|Any CPU
		{2F690FBD-5E14-4399-9DF6-C530C77934DA}.Release|Any CPU.Build.0 = Release|Any CPU
	EndGlobalSection
	GlobalSection(SolutionProperties) = preSolution
		HideSolutionNode = FALSE
	EndGlobalSection
EndGlobal
